
Microsoft Visual Studio Solution File, Format Version 12.00
# Visual Studio Version 16
VisualStudioVersion = 16.0.31410.357
MinimumVisualStudioVersion = 10.0.40219.1
Project("{FAE04EC0-301F-11D3-BF4B-00C04F79EFBC}") = "Onventis.Test.API", "Onventis.Test.API\Onventis.Test.API.csproj", "{0A7FCE8C-9D56-4D82-BE5C-B5B4B6A79621}"
EndProject
Global
	GlobalSection(SolutionConfigurationPlatforms) = preSolution
		Debug|Any CPU = Debug|Any CPU
		Release|Any CPU = Release|Any CPU
	EndGlobalSection
	GlobalSection(ProjectConfigurationPlatforms) = postSolution
		{0A7FCE8C-9D56-4D82-BE5C-B5B4B6A79621}.Debug|Any CPU.ActiveCfg = Debug|Any CPU
		{0A7FCE8C-9D56-4D82-BE5C-B5B4B6A79621}.Debug|Any CPU.Build.0 = Debug|Any CPU
		{0A7FCE8C-9D56-4D82-BE5C-B5B4B6A79621}.Release|Any CPU.ActiveCfg = Release|Any CPU
		{0A7FCE8C-9D56-4D82-BE5C-B5B4B6A79621}.Release|Any CPU.Build.0 = Release|Any CPU
	EndGlobalSection
	GlobalSection(SolutionProperties) = preSolution
		HideSolutionNode = FALSE
	EndGlobalSection
	GlobalSection(ExtensibilityGlobals) = postSolution
		SolutionGuid = {2A81106A-514D-4809-8B7A-23A0104528CA}
	EndGlobalSection
EndGlobal
